
Microsoft Visual Studio Solution File, Format Version 12.00
# Visual Studio Version 17
VisualStudioVersion = 17.14.36301.6 d17.14
MinimumVisualStudioVersion = 10.0.40219.1
Project("{FAE04EC0-301F-11D3-BF4B-00C04F79EFBC}") = "FruVa.Ordering.Ui", "FruVa.Ordering.Ui\FruVa.Ordering.Ui.csproj", "{B1FAA14F-65C2-47A5-8E01-FFC06D324DDE}"
EndProject
Project("{FAE04EC0-301F-11D3-BF4B-00C04F79EFBC}") = "FruVa.Ordering.DataAccess", "FruVa.Ordering.DataAccess\FruVa.Ordering.DataAccess.csproj", "{196F3E23-A196-47B4-B61C-9DFFAD988C38}"
EndProject
Global
	GlobalSection(SolutionConfigurationPlatforms) = preSolution
		Debug|Any CPU = Debug|Any CPU
		Release|Any CPU = Release|Any CPU
	EndGlobalSection
	GlobalSection(ProjectConfigurationPlatforms) = postSolution
		{B1FAA14F-65C2-47A5-8E01-FFC06D324DDE}.Debug|Any CPU.ActiveCfg = Debug|Any CPU
		{B1FAA14F-65C2-47A5-8E01-FFC06D324DDE}.Debug|Any CPU.Build.0 = Debug|Any CPU
		{B1FAA14F-65C2-47A5-8E01-FFC06D324DDE}.Release|Any CPU.ActiveCfg = Release|Any CPU
		{B1FAA14F-65C2-47A5-8E01-FFC06D324DDE}.Release|Any CPU.Build.0 = Release|Any CPU
		{196F3E23-A196-47B4-B61C-9DFFAD988C38}.Debug|Any CPU.ActiveCfg = Debug|Any CPU
		{196F3E23-A196-47B4-B61C-9DFFAD988C38}.Debug|Any CPU.Build.0 = Debug|Any CPU
		{196F3E23-A196-47B4-B61C-9DFFAD988C38}.Release|Any CPU.ActiveCfg = Release|Any CPU
		{196F3E23-A196-47B4-B61C-9DFFAD988C38}.Release|Any CPU.Build.0 = Release|Any CPU
	EndGlobalSection
	GlobalSection(SolutionProperties) = preSolution
		HideSolutionNode = FALSE
	EndGlobalSection
	GlobalSection(ExtensibilityGlobals) = postSolution
		SolutionGuid = {2A15EEA5-29F6-4271-905C-8066ACABCC08}
	EndGlobalSection
EndGlobal
